
Microsoft Visual Studio Solution File, Format Version 12.00
# Visual Studio Version 17
VisualStudioVersion = 17.13.35931.197
MinimumVisualStudioVersion = 10.0.40219.1
Project("{FAE04EC0-301F-11D3-BF4B-00C04F79EFBC}") = "SMM_D4TA_EDITOR", "SMM_D4TA_EDITOR\SMM_D4TA_EDITOR.csproj", "{C80C6E9B-F569-420A-BEC3-9DAA1A00E7FF}"
EndProject
Global
	GlobalSection(SolutionConfigurationPlatforms) = preSolution
		Debug|Any CPU = Debug|Any CPU
		Release|Any CPU = Release|Any CPU
	EndGlobalSection
	GlobalSection(ProjectConfigurationPlatforms) = postSolution
		{C80C6E9B-F569-420A-BEC3-9DAA1A00E7FF}.Debug|Any CPU.ActiveCfg = Debug|Any CPU
		{C80C6E9B-F569-420A-BEC3-9DAA1A00E7FF}.Debug|Any CPU.Build.0 = Debug|Any CPU
		{C80C6E9B-F569-420A-BEC3-9DAA1A00E7FF}.Release|Any CPU.ActiveCfg = Release|Any CPU
		{C80C6E9B-F569-420A-BEC3-9DAA1A00E7FF}.Release|Any CPU.Build.0 = Release|Any CPU
	EndGlobalSection
	GlobalSection(SolutionProperties) = preSolution
		HideSolutionNode = FALSE
	EndGlobalSection
	GlobalSection(ExtensibilityGlobals) = postSolution
		SolutionGuid = {D72ACB71-94F6-4566-A9D3-340F955DA40B}
	EndGlobalSection
EndGlobal
